// !$*UTF8*$!
{
	archiveVersion = 1;
	classes = {
	};
	objectVersion = 46;
	objects = {

/* Begin PBXBuildFile section */
		871A4C1819061C5800D28DE1 /* Foundation.framework in Frameworks */ = {isa = PBXBuildFile; fileRef = 871A4C1719061C5800D28DE1 /* Foundation.framework */; };
		871A4C1A19061C5800D28DE1 /* CoreGraphics.framework in Frameworks */ = {isa = PBXBuildFile; fileRef = 871A4C1919061C5800D28DE1 /* CoreGraphics.framework */; };
		871A4C1C19061C5800D28DE1 /* UIKit.framework in Frameworks */ = {isa = PBXBuildFile; fileRef = 871A4C1B19061C5800D28DE1 /* UIKit.framework */; };
		871A4C2219061C5800D28DE1 /* InfoPlist.strings in Resources */ = {isa = PBXBuildFile; fileRef = 871A4C2019061C5800D28DE1 /* InfoPlist.strings */; };
		871A4C2419061C5800D28DE1 /* main.m in Sources */ = {isa = PBXBuildFile; fileRef = 871A4C2319061C5800D28DE1 /* main.m */; };
		871A4C2819061C5800D28DE1 /* ALIENAppDelegate.m in Sources */ = {isa = PBXBuildFile; fileRef = 871A4C2719061C5800D28DE1 /* ALIENAppDelegate.m */; };
		871A4C2A19061C5800D28DE1 /* Images.xcassets in Resources */ = {isa = PBXBuildFile; fileRef = 871A4C2919061C5800D28DE1 /* Images.xcassets */; };
		871A4C3119061C5800D28DE1 /* XCTest.framework in Frameworks */ = {isa = PBXBuildFile; fileRef = 871A4C3019061C5800D28DE1 /* XCTest.framework */; };
		871A4C3219061C5800D28DE1 /* Foundation.framework in Frameworks */ = {isa = PBXBuildFile; fileRef = 871A4C1719061C5800D28DE1 /* Foundation.framework */; };
		871A4C3319061C5800D28DE1 /* UIKit.framework in Frameworks */ = {isa = PBXBuildFile; fileRef = 871A4C1B19061C5800D28DE1 /* UIKit.framework */; };
		871A4C3B19061C5800D28DE1 /* InfoPlist.strings in Resources */ = {isa = PBXBuildFile; fileRef = 871A4C3919061C5800D28DE1 /* InfoPlist.strings */; };
		871A4C3D19061C5800D28DE1 /* ALIENKeychainHelperTests.m in Sources */ = {isa = PBXBuildFile; fileRef = 871A4C3C19061C5800D28DE1 /* ALIENKeychainHelperTests.m */; };
		871A4C4719061C6500D28DE1 /* Security.framework in Frameworks */ = {isa = PBXBuildFile; fileRef = 871A4C4619061C6500D28DE1 /* Security.framework */; };
		871A4C4A19061C7500D28DE1 /* ALIENKeychainHelper.m in Sources */ = {isa = PBXBuildFile; fileRef = 871A4C4919061C7500D28DE1 /* ALIENKeychainHelper.m */; };
/* End PBXBuildFile section */

/* Begin PBXContainerItemProxy section */
		871A4C3419061C5800D28DE1 /* PBXContainerItemProxy */ = {
			isa = PBXContainerItemProxy;
			containerPortal = 871A4C0C19061C5800D28DE1 /* Project object */;
			proxyType = 1;
			remoteGlobalIDString = 871A4C1319061C5800D28DE1;
			remoteInfo = ALIENKeychainHelper;
		};
/* End PBXContainerItemProxy section */

/* Begin PBXFileReference section */
		871A4C1419061C5800D28DE1 /* ALIENKeychainHelper.app */ = {isa = PBXFileReference; explicitFileType = wrapper.application; includeInIndex = 0; path = ALIENKeychainHelper.app; sourceTree = BUILT_PRODUCTS_DIR; };
		871A4C1719061C5800D28DE1 /* Foundation.framework */ = {isa = PBXFileReference; lastKnownFileType = wrapper.framework; name = Foundation.framework; path = System/Library/Frameworks/Foundation.framework; sourceTree = SDKROOT; };
		871A4C1919061C5800D28DE1 /* CoreGraphics.framework */ = {isa = PBXFileReference; lastKnownFileType = wrapper.framework; name = CoreGraphics.framework; path = System/Library/Frameworks/CoreGraphics.framework; sourceTree = SDKROOT; };
		871A4C1B19061C5800D28DE1 /* UIKit.framework */ = {isa = PBXFileReference; lastKnownFileType = wrapper.framework; name = UIKit.framework; path = System/Library/Frameworks/UIKit.framework; sourceTree = SDKROOT; };
		871A4C1F19061C5800D28DE1 /* ALIENKeychainHelper-Info.plist */ = {isa = PBXFileReference; lastKnownFileType = text.plist.xml; path = "ALIENKeychainHelper-Info.plist"; sourceTree = "<group>"; };
		871A4C2119061C5800D28DE1 /* en */ = {isa = PBXFileReference; lastKnownFileType = text.plist.strings; name = en; path = en.lproj/InfoPlist.strings; sourceTree = "<group>"; };
		871A4C2319061C5800D28DE1 /* main.m */ = {isa = PBXFileReference; lastKnownFileType = sourcecode.c.objc; path = main.m; sourceTree = "<group>"; };
		871A4C2519061C5800D28DE1 /* ALIENKeychainHelper-Prefix.pch */ = {isa = PBXFileReference; lastKnownFileType = sourcecode.c.h; path = "ALIENKeychainHelper-Prefix.pch"; sourceTree = "<group>"; };
		871A4C2619061C5800D28DE1 /* ALIENAppDelegate.h */ = {isa = PBXFileReference; lastKnownFileType = sourcecode.c.h; path = ALIENAppDelegate.h; sourceTree = "<group>"; };
		871A4C2719061C5800D28DE1 /* ALIENAppDelegate.m */ = {isa = PBXFileReference; lastKnownFileType = sourcecode.c.objc; path = ALIENAppDelegate.m; sourceTree = "<group>"; };
		871A4C2919061C5800D28DE1 /* Images.xcassets */ = {isa = PBXFileReference; lastKnownFileType = folder.assetcatalog; path = Images.xcassets; sourceTree = "<group>"; };
		871A4C2F19061C5800D28DE1 /* ALIENKeychainHelperTests.xctest */ = {isa = PBXFileReference; explicitFileType = wrapper.cfbundle; includeInIndex = 0; path = ALIENKeychainHelperTests.xctest; sourceTree = BUILT_PRODUCTS_DIR; };
		871A4C3019061C5800D28DE1 /* XCTest.framework */ = {isa = PBXFileReference; lastKnownFileType = wrapper.framework; name = XCTest.framework; path = Library/Frameworks/XCTest.framework; sourceTree = DEVELOPER_DIR; };
		871A4C3819061C5800D28DE1 /* ALIENKeychainHelperTests-Info.plist */ = {isa = PBXFileReference; lastKnownFileType = text.plist.xml; path = "ALIENKeychainHelperTests-Info.plist"; sourceTree = "<group>"; };
		871A4C3A19061C5800D28DE1 /* en */ = {isa = PBXFileReference; lastKnownFileType = text.plist.strings; name = en; path = en.lproj/InfoPlist.strings; sourceTree = "<group>"; };
		871A4C3C19061C5800D28DE1 /* ALIENKeychainHelperTests.m */ = {isa = PBXFileReference; lastKnownFileType = sourcecode.c.objc; path = ALIENKeychainHelperTests.m; sourceTree = "<group>"; };
		871A4C4619061C6500D28DE1 /* Security.framework */ = {isa = PBXFileReference; lastKnownFileType = wrapper.framework; name = Security.framework; path = System/Library/Frameworks/Security.framework; sourceTree = SDKROOT; };
		871A4C4819061C7500D28DE1 /* ALIENKeychainHelper.h */ = {isa = PBXFileReference; fileEncoding = 4; lastKnownFileType = sourcecode.c.h; path = ALIENKeychainHelper.h; sourceTree = "<group>"; };
		871A4C4919061C7500D28DE1 /* ALIENKeychainHelper.m */ = {isa = PBXFileReference; fileEncoding = 4; lastKnownFileType = sourcecode.c.objc; path = ALIENKeychainHelper.m; sourceTree = "<group>"; };
/* End PBXFileReference section */

/* Begin PBXFrameworksBuildPhase section */
		871A4C1119061C5800D28DE1 /* Frameworks */ = {
			isa = PBXFrameworksBuildPhase;
			buildActionMask = 2147483647;
			files = (
				871A4C4719061C6500D28DE1 /* Security.framework in Frameworks */,
				871A4C1A19061C5800D28DE1 /* CoreGraphics.framework in Frameworks */,
				871A4C1C19061C5800D28DE1 /* UIKit.framework in Frameworks */,
				871A4C1819061C5800D28DE1 /* Foundation.framework in Frameworks */,
			);
			runOnlyForDeploymentPostprocessing = 0;
		};
		871A4C2C19061C5800D28DE1 /* Frameworks */ = {
			isa = PBXFrameworksBuildPhase;
			buildActionMask = 2147483647;
			files = (
				871A4C3119061C5800D28DE1 /* XCTest.framework in Frameworks */,
				871A4C3319061C5800D28DE1 /* UIKit.framework in Frameworks */,
				871A4C3219061C5800D28DE1 /* Foundation.framework in Frameworks */,
			);
			runOnlyForDeploymentPostprocessing = 0;
		};
/* End PBXFrameworksBuildPhase section */

/* Begin PBXGroup section */
		871A4C0B19061C5800D28DE1 = {
			isa = PBXGroup;
			children = (
				871A4C1D19061C5800D28DE1 /* ALIENKeychainHelper */,
				871A4C3619061C5800D28DE1 /* ALIENKeychainHelperTests */,
				871A4C1619061C5800D28DE1 /* Frameworks */,
				871A4C1519061C5800D28DE1 /* Products */,
			);
			sourceTree = "<group>";
		};
		871A4C1519061C5800D28DE1 /* Products */ = {
			isa = PBXGroup;
			children = (
				871A4C1419061C5800D28DE1 /* ALIENKeychainHelper.app */,
				871A4C2F19061C5800D28DE1 /* ALIENKeychainHelperTests.xctest */,
			);
			name = Products;
			sourceTree = "<group>";
		};
		871A4C1619061C5800D28DE1 /* Frameworks */ = {
			isa = PBXGroup;
			children = (
				871A4C4619061C6500D28DE1 /* Security.framework */,
				871A4C1719061C5800D28DE1 /* Foundation.framework */,
				871A4C1919061C5800D28DE1 /* CoreGraphics.framework */,
				871A4C1B19061C5800D28DE1 /* UIKit.framework */,
				871A4C3019061C5800D28DE1 /* XCTest.framework */,
			);
			name = Frameworks;
			sourceTree = "<group>";
		};
		871A4C1D19061C5800D28DE1 /* ALIENKeychainHelper */ = {
			isa = PBXGroup;
			children = (
				871A4C2619061C5800D28DE1 /* ALIENAppDelegate.h */,
				871A4C2719061C5800D28DE1 /* ALIENAppDelegate.m */,
				871A4C4819061C7500D28DE1 /* ALIENKeychainHelper.h */,
				871A4C4919061C7500D28DE1 /* ALIENKeychainHelper.m */,
				871A4C2919061C5800D28DE1 /* Images.xcassets */,
				871A4C1E19061C5800D28DE1 /* Supporting Files */,
			);
			path = ALIENKeychainHelper;
			sourceTree = "<group>";
		};
		871A4C1E19061C5800D28DE1 /* Supporting Files */ = {
			isa = PBXGroup;
			children = (
				871A4C1F19061C5800D28DE1 /* ALIENKeychainHelper-Info.plist */,
				871A4C2019061C5800D28DE1 /* InfoPlist.strings */,
				871A4C2319061C5800D28DE1 /* main.m */,
				871A4C2519061C5800D28DE1 /* ALIENKeychainHelper-Prefix.pch */,
			);
			name = "Supporting Files";
			sourceTree = "<group>";
		};
		871A4C3619061C5800D28DE1 /* ALIENKeychainHelperTests */ = {
			isa = PBXGroup;
			children = (
				871A4C3C19061C5800D28DE1 /* ALIENKeychainHelperTests.m */,
				871A4C3719061C5800D28DE1 /* Supporting Files */,
			);
			path = ALIENKeychainHelperTests;
			sourceTree = "<group>";
		};
		871A4C3719061C5800D28DE1 /* Supporting Files */ = {
			isa = PBXGroup;
			children = (
				871A4C3819061C5800D28DE1 /* ALIENKeychainHelperTests-Info.plist */,
				871A4C3919061C5800D28DE1 /* InfoPlist.strings */,
			);
			name = "Supporting Files";
			sourceTree = "<group>";
		};
/* End PBXGroup section */

/* Begin PBXNativeTarget section */
		871A4C1319061C5800D28DE1 /* ALIENKeychainHelper */ = {
			isa = PBXNativeTarget;
			buildConfigurationList = 871A4C4019061C5800D28DE1 /* Build configuration list for PBXNativeTarget "ALIENKeychainHelper" */;
			buildPhases = (
				871A4C1019061C5800D28DE1 /* Sources */,
				871A4C1119061C5800D28DE1 /* Frameworks */,
				871A4C1219061C5800D28DE1 /* Resources */,
			);
			buildRules = (
			);
			dependencies = (
			);
			name = ALIENKeychainHelper;
			productName = ALIENKeychainHelper;
			productReference = 871A4C1419061C5800D28DE1 /* ALIENKeychainHelper.app */;
			productType = "com.apple.product-type.application";
		};
		871A4C2E19061C5800D28DE1 /* ALIENKeychainHelperTests */ = {
			isa = PBXNativeTarget;
			buildConfigurationList = 871A4C4319061C5800D28DE1 /* Build configuration list for PBXNativeTarget "ALIENKeychainHelperTests" */;
			buildPhases = (
				871A4C2B19061C5800D28DE1 /* Sources */,
				871A4C2C19061C5800D28DE1 /* Frameworks */,
				871A4C2D19061C5800D28DE1 /* Resources */,
			);
			buildRules = (
			);
			dependencies = (
				871A4C3519061C5800D28DE1 /* PBXTargetDependency */,
			);
			name = ALIENKeychainHelperTests;
			productName = ALIENKeychainHelperTests;
			productReference = 871A4C2F19061C5800D28DE1 /* ALIENKeychainHelperTests.xctest */;
			productType = "com.apple.product-type.bundle.unit-test";
		};
/* End PBXNativeTarget section */

/* Begin PBXProject section */
		871A4C0C19061C5800D28DE1 /* Project object */ = {
			isa = PBXProject;
			attributes = {
				CLASSPREFIX = ALIEN;
				LastUpgradeCheck = 0510;
				ORGANIZATIONNAME = AlienLi;
				TargetAttributes = {
					871A4C2E19061C5800D28DE1 = {
						TestTargetID = 871A4C1319061C5800D28DE1;
					};
				};
			};
			buildConfigurationList = 871A4C0F19061C5800D28DE1 /* Build configuration list for PBXProject "ALIENKeychainHelper" */;
			compatibilityVersion = "Xcode 3.2";
			developmentRegion = English;
			hasScannedForEncodings = 0;
			knownRegions = (
				en,
			);
			mainGroup = 871A4C0B19061C5800D28DE1;
			productRefGroup = 871A4C1519061C5800D28DE1 /* Products */;
			projectDirPath = "";
			projectRoot = "";
			targets = (
				871A4C1319061C5800D28DE1 /* ALIENKeychainHelper */,
				871A4C2E19061C5800D28DE1 /* ALIENKeychainHelperTests */,
			);
		};
/* End PBXProject section */

/* Begin PBXResourcesBuildPhase section */
		871A4C1219061C5800D28DE1 /* Resources */ = {
			isa = PBXResourcesBuildPhase;
			buildActionMask = 2147483647;
			files = (
				871A4C2219061C5800D28DE1 /* InfoPlist.strings in Resources */,
				871A4C2A19061C5800D28DE1 /* Images.xcassets in Resources */,
			);
			runOnlyForDeploymentPostprocessing = 0;
		};
		871A4C2D19061C5800D28DE1 /* Resources */ = {
			isa = PBXResourcesBuildPhase;
			buildActionMask = 2147483647;
			files = (
				871A4C3B19061C5800D28DE1 /* InfoPlist.strings in Resources */,
			);
			runOnlyForDeploymentPostprocessing = 0;
		};
/* End PBXResourcesBuildPhase section */

/* Begin PBXSourcesBuildPhase section */
		871A4C1019061C5800D28DE1 /* Sources */ = {
			isa = PBXSourcesBuildPhase;
			buildActionMask = 2147483647;
			files = (
				871A4C2819061C5800D28DE1 /* ALIENAppDelegate.m in Sources */,
				871A4C2419061C5800D28DE1 /* main.m in Sources */,
				871A4C4A19061C7500D28DE1 /* ALIENKeychainHelper.m in Sources */,
			);
			runOnlyForDeploymentPostprocessing = 0;
		};
		871A4C2B19061C5800D28DE1 /* Sources */ = {
			isa = PBXSourcesBuildPhase;
			buildActionMask = 2147483647;
			files = (
				871A4C3D19061C5800D28DE1 /* ALIENKeychainHelperTests.m in Sources */,
			);
			runOnlyForDeploymentPostprocessing = 0;
		};
/* End PBXSourcesBuildPhase section */

/* Begin PBXTargetDependency section */
		871A4C3519061C5800D28DE1 /* PBXTargetDependency */ = {
			isa = PBXTargetDependency;
			target = 871A4C1319061C5800D28DE1 /* ALIENKeychainHelper */;
			targetProxy = 871A4C3419061C5800D28DE1 /* PBXContainerItemProxy */;
		};
/* End PBXTargetDependency section */

/* Begin PBXVariantGroup section */
		871A4C2019061C5800D28DE1 /* InfoPlist.strings */ = {
			isa = PBXVariantGroup;
			children = (
				871A4C2119061C5800D28DE1 /* en */,
			);
			name = InfoPlist.strings;
			sourceTree = "<group>";
		};
		871A4C3919061C5800D28DE1 /* InfoPlist.strings */ = {
			isa = PBXVariantGroup;
			children = (
				871A4C3A19061C5800D28DE1 /* en */,
			);
			name = InfoPlist.strings;
			sourceTree = "<group>";
		};
/* End PBXVariantGroup section */

/* Begin XCBuildConfiguration section */
		871A4C3E19061C5800D28DE1 /* Debug */ = {
			isa = XCBuildConfiguration;
			buildSettings = {
				ALWAYS_SEARCH_USER_PATHS = NO;
				CLANG_CXX_LANGUAGE_STANDARD = "gnu++0x";
				CLANG_CXX_LIBRARY = "libc++";
				CLANG_ENABLE_MODULES = YES;
				CLANG_ENABLE_OBJC_ARC = YES;
				CLANG_WARN_BOOL_CONVERSION = YES;
				CLANG_WARN_CONSTANT_CONVERSION = YES;
				CLANG_WARN_DIRECT_OBJC_ISA_USAGE = YES_ERROR;
				CLANG_WARN_EMPTY_BODY = YES;
				CLANG_WARN_ENUM_CONVERSION = YES;
				CLANG_WARN_INT_CONVERSION = YES;
				CLANG_WARN_OBJC_ROOT_CLASS = YES_ERROR;
				CLANG_WARN__DUPLICATE_METHOD_MATCH = YES;
				"CODE_SIGN_IDENTITY[sdk=iphoneos*]" = "iPhone Developer";
				COPY_PHASE_STRIP = NO;
				GCC_C_LANGUAGE_STANDARD = gnu99;
				GCC_DYNAMIC_NO_PIC = NO;
				GCC_OPTIMIZATION_LEVEL = 0;
				GCC_PREPROCESSOR_DEFINITIONS = (
					"DEBUG=1",
					"$(inherited)",
				);
				GCC_SYMBOLS_PRIVATE_EXTERN = NO;
				GCC_WARN_64_TO_32_BIT_CONVERSION = YES;
				GCC_WARN_ABOUT_RETURN_TYPE = YES_ERROR;
				GCC_WARN_UNDECLARED_SELECTOR = YES;
				GCC_WARN_UNINITIALIZED_AUTOS = YES_AGGRESSIVE;
				GCC_WARN_UNUSED_FUNCTION = YES;
				GCC_WARN_UNUSED_VARIABLE = YES;
				IPHONEOS_DEPLOYMENT_TARGET = 7.1;
				ONLY_ACTIVE_ARCH = YES;
				SDKROOT = iphoneos;
			};
			name = Debug;
		};
		871A4C3F19061C5800D28DE1 /* Release */ = {
			isa = XCBuildConfiguration;
			buildSettings = {
				ALWAYS_SEARCH_USER_PATHS = NO;
				CLANG_CXX_LANGUAGE_STANDARD = "gnu++0x";
				CLANG_CXX_LIBRARY = "libc++";
				CLANG_ENABLE_MODULES = YES;
				CLANG_ENABLE_OBJC_ARC = YES;
				CLANG_WARN_BOOL_CONVERSION = YES;
				CLANG_WARN_CONSTANT_CONVERSION = YES;
				CLANG_WARN_DIRECT_OBJC_ISA_USAGE = YES_ERROR;
				CLANG_WARN_EMPTY_BODY = YES;
				CLANG_WARN_ENUM_CONVERSION = YES;
				CLANG_WARN_INT_CONVERSION = YES;
				CLANG_WARN_OBJC_ROOT_CLASS = YES_ERROR;
				CLANG_WARN__DUPLICATE_METHOD_MATCH = YES;
				"CODE_SIGN_IDENTITY[sdk=iphoneos*]" = "iPhone Developer";
				COPY_PHASE_STRIP = YES;
				ENABLE_NS_ASSERTIONS = NO;
				GCC_C_LANGUAGE_STANDARD = gnu99;
				GCC_WARN_64_TO_32_BIT_CONVERSION = YES;
				GCC_WARN_ABOUT_RETURN_TYPE = YES_ERROR;
				GCC_WARN_UNDECLARED_SELECTOR = YES;
				GCC_WARN_UNINITIALIZED_AUTOS = YES_AGGRESSIVE;
				GCC_WARN_UNUSED_FUNCTION = YES;
				GCC_WARN_UNUSED_VARIABLE = YES;
				IPHONEOS_DEPLOYMENT_TARGET = 7.1;
				SDKROOT = iphoneos;
				VALIDATE_PRODUCT = YES;
			};
			name = Release;
		};
		871A4C4119061C5800D28DE1 /* Debug */ = {
			isa = XCBuildConfiguration;
			buildSettings = {
				ASSETCATALOG_COMPILER_APPICON_NAME = AppIcon;
				ASSETCATALOG_COMPILER_LAUNCHIMAGE_NAME = LaunchImage;
				GCC_PRECOMPILE_PREFIX_HEADER = YES;
				GCC_PREFIX_HEADER = "ALIENKeychainHelper/ALIENKeychainHelper-Prefix.pch";
				INFOPLIST_FILE = "ALIENKeychainHelper/ALIENKeychainHelper-Info.plist";
				PRODUCT_NAME = "$(TARGET_NAME)";
				WRAPPER_EXTENSION = app;
			};
			name = Debug;
		};
		871A4C4219061C5800D28DE1 /* Release */ = {
			isa = XCBuildConfiguration;
			buildSettings = {
				ASSETCATALOG_COMPILER_APPICON_NAME = AppIcon;
				ASSETCATALOG_COMPILER_LAUNCHIMAGE_NAME = LaunchImage;
				GCC_PRECOMPILE_PREFIX_HEADER = YES;
				GCC_PREFIX_HEADER = "ALIENKeychainHelper/ALIENKeychainHelper-Prefix.pch";
				INFOPLIST_FILE = "ALIENKeychainHelper/ALIENKeychainHelper-Info.plist";
				PRODUCT_NAME = "$(TARGET_NAME)";
				WRAPPER_EXTENSION = app;
			};
			name = Release;
		};
		871A4C4419061C5800D28DE1 /* Debug */ = {
			isa = XCBuildConfiguration;
			buildSettings = {
				BUNDLE_LOADER = "$(BUILT_PRODUCTS_DIR)/ALIENKeychainHelper.app/ALIENKeychainHelper";
				FRAMEWORK_SEARCH_PATHS = (
					"$(SDKROOT)/Developer/Library/Frameworks",
					"$(inherited)",
					"$(DEVELOPER_FRAMEWORKS_DIR)",
				);
				GCC_PRECOMPILE_PREFIX_HEADER = YES;
				GCC_PREFIX_HEADER = "ALIENKeychainHelper/ALIENKeychainHelper-Prefix.pch";
				GCC_PREPROCESSOR_DEFINITIONS = (
					"DEBUG=1",
					"$(inherited)",
				);
				INFOPLIST_FILE = "ALIENKeychainHelperTests/ALIENKeychainHelperTests-Info.plist";
				PRODUCT_NAME = "$(TARGET_NAME)";
				TEST_HOST = "$(BUNDLE_LOADER)";
				WRAPPER_EXTENSION = xctest;
			};
			name = Debug;
		};
		871A4C4519061C5800D28DE1 /* Release */ = {
			isa = XCBuildConfiguration;
			buildSettings = {
				BUNDLE_LOADER = "$(BUILT_PRODUCTS_DIR)/ALIENKeychainHelper.app/ALIENKeychainHelper";
				FRAMEWORK_SEARCH_PATHS = (
					"$(SDKROOT)/Developer/Library/Frameworks",
					"$(inherited)",
					"$(DEVELOPER_FRAMEWORKS_DIR)",
				);
				GCC_PRECOMPILE_PREFIX_HEADER = YES;
				GCC_PREFIX_HEADER = "ALIENKeychainHelper/ALIENKeychainHelper-Prefix.pch";
				INFOPLIST_FILE = "ALIENKeychainHelperTests/ALIENKeychainHelperTests-Info.plist";
				PRODUCT_NAME = "$(TARGET_NAME)";
				TEST_HOST = "$(BUNDLE_LOADER)";
				WRAPPER_EXTENSION = xctest;
			};
			name = Release;
		};
/* End XCBuildConfiguration section */

/* Begin XCConfigurationList section */
		871A4C0F19061C5800D28DE1 /* Build configuration list for PBXProject "ALIENKeychainHelper" */ = {
			isa = XCConfigurationList;
			buildConfigurations = (
				871A4C3E19061C5800D28DE1 /* Debug */,
				871A4C3F19061C5800D28DE1 /* Release */,
			);
			defaultConfigurationIsVisible = 0;
			defaultConfigurationName = Release;
		};
		871A4C4019061C5800D28DE1 /* Build configuration list for PBXNativeTarget "ALIENKeychainHelper" */ = {
			isa = XCConfigurationList;
			buildConfigurations = (
				871A4C4119061C5800D28DE1 /* Debug */,
				871A4C4219061C5800D28DE1 /* Release */,
			);
			defaultConfigurationIsVisible = 0;
		};
		871A4C4319061C5800D28DE1 /* Build configuration list for PBXNativeTarget "ALIENKeychainHelperTests" */ = {
			isa = XCConfigurationList;
			buildConfigurations = (
				871A4C4419061C5800D28DE1 /* Debug */,
				871A4C4519061C5800D28DE1 /* Release */,
			);
			defaultConfigurationIsVisible = 0;
		};
/* End XCConfigurationList section */
	};
	rootObject = 871A4C0C19061C5800D28DE1 /* Project object */;
}
